
Microsoft Visual Studio Solution File, Format Version 12.00
# Visual Studio Version 17
VisualStudioVersion = 17.9.34622.214
MinimumVisualStudioVersion = 10.0.40219.1
Project("{F184B08F-C81C-45F6-A57F-5ABD9991F28F}") = "PruebaTercerosV2", "PruebaTercerosV2\PruebaTercerosV2.vbproj", "{272098F6-5EDF-4232-8EB9-D920D6FC8907}"
EndProject
Global
	GlobalSection(SolutionConfigurationPlatforms) = preSolution
		Debug|Any CPU = Debug|Any CPU
		Release|Any CPU = Release|Any CPU
	EndGlobalSection
	GlobalSection(ProjectConfigurationPlatforms) = postSolution
		{272098F6-5EDF-4232-8EB9-D920D6FC8907}.Debug|Any CPU.ActiveCfg = Debug|Any CPU
		{272098F6-5EDF-4232-8EB9-D920D6FC8907}.Debug|Any CPU.Build.0 = Debug|Any CPU
		{272098F6-5EDF-4232-8EB9-D920D6FC8907}.Release|Any CPU.ActiveCfg = Release|Any CPU
		{272098F6-5EDF-4232-8EB9-D920D6FC8907}.Release|Any CPU.Build.0 = Release|Any CPU
	EndGlobalSection
	GlobalSection(SolutionProperties) = preSolution
		HideSolutionNode = FALSE
	EndGlobalSection
	GlobalSection(ExtensibilityGlobals) = postSolution
		SolutionGuid = {569D5A47-0F99-4683-A8E1-0D3084BD2D15}
	EndGlobalSection
EndGlobal
